
Microsoft Visual Studio Solution File, Format Version 12.00
# Visual Studio Version 17
VisualStudioVersion = 17.5.33424.131
MinimumVisualStudioVersion = 10.0.40219.1
Project("{9A19103F-16F7-4668-BE54-9A1E7A4F7556}") = "L01-valtozok", "L01-valtozok\L01-valtozok.csproj", "{93292613-0EC2-4B9C-BE6B-79FDF958DB24}"
EndProject
Project("{9A19103F-16F7-4668-BE54-9A1E7A4F7556}") = "L03-tomb-lista", "L03-tomb-lista\L03-tomb-lista.csproj", "{4578165C-5B22-4CC9-8B58-0EAFACC7425E}"
EndProject
Project("{9A19103F-16F7-4668-BE54-9A1E7A4F7556}") = "L04-karakterlancok", "L04-karakterlancok\L04-karakterlancok.csproj", "{CBB3E699-7EF7-498F-A032-2D2C1BBAE808}"
EndProject
Project("{9A19103F-16F7-4668-BE54-9A1E7A4F7556}") = "PmPHF-01", "PmPHF-01\PmPHF-01.csproj", "{9E69DEF2-0F2B-4500-9FA9-469B61D1C0E4}"
EndProject
Project("{9A19103F-16F7-4668-BE54-9A1E7A4F7556}") = "L02-ciklusok", "L02-ciklus\L02-ciklusok.csproj", "{5FD8E17B-6531-48F0-90FF-37D192B53D87}"
EndProject
Project("{9A19103F-16F7-4668-BE54-9A1E7A4F7556}") = "PmPHF-02", "PmPHF-02\PmPHF-02.csproj", "{F1833FDE-2F98-4DB2-955A-999DF1026841}"
EndProject
Project("{9A19103F-16F7-4668-BE54-9A1E7A4F7556}") = "PmPHF-03", "PmPHF-03\PmPHF-03.csproj", "{18722F89-1BA3-4968-9C42-68463A77B56C}"
EndProject
Project("{9A19103F-16F7-4668-BE54-9A1E7A4F7556}") = "L05-fajlkezeles", "L05-fajlkezeles\L05-fajlkezeles.csproj", "{ED8E8E8E-1199-47B9-BA2A-934EB092B485}"
EndProject
Project("{9A19103F-16F7-4668-BE54-9A1E7A4F7556}") = "L06-osztalyokObjektumok", "L06-osztalyokObjektumok\L06-osztalyokObjektumok.csproj", "{B1A7950B-870D-4AFC-A64B-3CFF384BBCA6}"
EndProject
Project("{9A19103F-16F7-4668-BE54-9A1E7A4F7556}") = "L07-property", "L07-Property\L07-property.csproj", "{7C61A4D4-7638-480C-931E-9F27B6DBCD8E}"
EndProject
Project("{9A19103F-16F7-4668-BE54-9A1E7A4F7556}") = "PmPHF-04", "PmPHF-04\PmPHF-04.csproj", "{46057CFE-B000-4948-B357-93EBE155F424}"
EndProject
Project("{9A19103F-16F7-4668-BE54-9A1E7A4F7556}") = "L08-ertekReferencia", "L08-ertekReferencia\L08-ertekReferencia.csproj", "{1CAAF11C-C32E-4798-8478-73CB2FB0C3C4}"
EndProject
Project("{9A19103F-16F7-4668-BE54-9A1E7A4F7556}") = "L09-gyakorlasObjektumok", "L09-gyakorlasObjektumok\L09-gyakorlasObjektumok.csproj", "{E5E516B9-3C88-4774-870F-3173B8A432B3}"
EndProject
Project("{9A19103F-16F7-4668-BE54-9A1E7A4F7556}") = "ZH00-mintaZH", "ZH00-mintaZH\ZH00-mintaZH.csproj", "{992D67F9-4707-4E29-9046-D198F01FEC09}"
EndProject
Global
	GlobalSection(SolutionConfigurationPlatforms) = preSolution
		Debug|Any CPU = Debug|Any CPU
		Release|Any CPU = Release|Any CPU
	EndGlobalSection
	GlobalSection(ProjectConfigurationPlatforms) = postSolution
		{93292613-0EC2-4B9C-BE6B-79FDF958DB24}.Debug|Any CPU.ActiveCfg = Debug|Any CPU
		{93292613-0EC2-4B9C-BE6B-79FDF958DB24}.Debug|Any CPU.Build.0 = Debug|Any CPU
		{93292613-0EC2-4B9C-BE6B-79FDF958DB24}.Release|Any CPU.ActiveCfg = Release|Any CPU
		{93292613-0EC2-4B9C-BE6B-79FDF958DB24}.Release|Any CPU.Build.0 = Release|Any CPU
		{4578165C-5B22-4CC9-8B58-0EAFACC7425E}.Debug|Any CPU.ActiveCfg = Debug|Any CPU
		{4578165C-5B22-4CC9-8B58-0EAFACC7425E}.Debug|Any CPU.Build.0 = Debug|Any CPU
		{4578165C-5B22-4CC9-8B58-0EAFACC7425E}.Release|Any CPU.ActiveCfg = Release|Any CPU
		{4578165C-5B22-4CC9-8B58-0EAFACC7425E}.Release|Any CPU.Build.0 = Release|Any CPU
		{CBB3E699-7EF7-498F-A032-2D2C1BBAE808}.Debug|Any CPU.ActiveCfg = Debug|Any CPU
		{CBB3E699-7EF7-498F-A032-2D2C1BBAE808}.Debug|Any CPU.Build.0 = Debug|Any CPU
		{CBB3E699-7EF7-498F-A032-2D2C1BBAE808}.Release|Any CPU.ActiveCfg = Release|Any CPU
		{CBB3E699-7EF7-498F-A032-2D2C1BBAE808}.Release|Any CPU.Build.0 = Release|Any CPU
		{9E69DEF2-0F2B-4500-9FA9-469B61D1C0E4}.Debug|Any CPU.ActiveCfg = Debug|Any CPU
		{9E69DEF2-0F2B-4500-9FA9-469B61D1C0E4}.Debug|Any CPU.Build.0 = Debug|Any CPU
		{9E69DEF2-0F2B-4500-9FA9-469B61D1C0E4}.Release|Any CPU.ActiveCfg = Release|Any CPU
		{9E69DEF2-0F2B-4500-9FA9-469B61D1C0E4}.Release|Any CPU.Build.0 = Release|Any CPU
		{5FD8E17B-6531-48F0-90FF-37D192B53D87}.Debug|Any CPU.ActiveCfg = Debug|Any CPU
		{5FD8E17B-6531-48F0-90FF-37D192B53D87}.Debug|Any CPU.Build.0 = Debug|Any CPU
		{5FD8E17B-6531-48F0-90FF-37D192B53D87}.Release|Any CPU.ActiveCfg = Release|Any CPU
		{5FD8E17B-6531-48F0-90FF-37D192B53D87}.Release|Any CPU.Build.0 = Release|Any CPU
		{F1833FDE-2F98-4DB2-955A-999DF1026841}.Debug|Any CPU.ActiveCfg = Debug|Any CPU
		{F1833FDE-2F98-4DB2-955A-999DF1026841}.Debug|Any CPU.Build.0 = Debug|Any CPU
		{F1833FDE-2F98-4DB2-955A-999DF1026841}.Release|Any CPU.ActiveCfg = Release|Any CPU
		{F1833FDE-2F98-4DB2-955A-999DF1026841}.Release|Any CPU.Build.0 = Release|Any CPU
		{18722F89-1BA3-4968-9C42-68463A77B56C}.Debug|Any CPU.ActiveCfg = Debug|Any CPU
		{18722F89-1BA3-4968-9C42-68463A77B56C}.Debug|Any CPU.Build.0 = Debug|Any CPU
		{18722F89-1BA3-4968-9C42-68463A77B56C}.Release|Any CPU.ActiveCfg = Release|Any CPU
		{18722F89-1BA3-4968-9C42-68463A77B56C}.Release|Any CPU.Build.0 = Release|Any CPU
		{ED8E8E8E-1199-47B9-BA2A-934EB092B485}.Debug|Any CPU.ActiveCfg = Debug|Any CPU
		{ED8E8E8E-1199-47B9-BA2A-934EB092B485}.Debug|Any CPU.Build.0 = Debug|Any CPU
		{ED8E8E8E-1199-47B9-BA2A-934EB092B485}.Release|Any CPU.ActiveCfg = Release|Any CPU
		{ED8E8E8E-1199-47B9-BA2A-934EB092B485}.Release|Any CPU.Build.0 = Release|Any CPU
		{B1A7950B-870D-4AFC-A64B-3CFF384BBCA6}.Debug|Any CPU.ActiveCfg = Debug|Any CPU
		{B1A7950B-870D-4AFC-A64B-3CFF384BBCA6}.Debug|Any CPU.Build.0 = Debug|Any CPU
		{B1A7950B-870D-4AFC-A64B-3CFF384BBCA6}.Release|Any CPU.ActiveCfg = Release|Any CPU
		{B1A7950B-870D-4AFC-A64B-3CFF384BBCA6}.Release|Any CPU.Build.0 = Release|Any CPU
		{7C61A4D4-7638-480C-931E-9F27B6DBCD8E}.Debug|Any CPU.ActiveCfg = Debug|Any CPU
		{7C61A4D4-7638-480C-931E-9F27B6DBCD8E}.Debug|Any CPU.Build.0 = Debug|Any CPU
		{7C61A4D4-7638-480C-931E-9F27B6DBCD8E}.Release|Any CPU.ActiveCfg = Release|Any CPU
		{7C61A4D4-7638-480C-931E-9F27B6DBCD8E}.Release|Any CPU.Build.0 = Release|Any CPU
		{46057CFE-B000-4948-B357-93EBE155F424}.Debug|Any CPU.ActiveCfg = Debug|Any CPU
		{46057CFE-B000-4948-B357-93EBE155F424}.Debug|Any CPU.Build.0 = Debug|Any CPU
		{46057CFE-B000-4948-B357-93EBE155F424}.Release|Any CPU.ActiveCfg = Release|Any CPU
		{46057CFE-B000-4948-B357-93EBE155F424}.Release|Any CPU.Build.0 = Release|Any CPU
		{1CAAF11C-C32E-4798-8478-73CB2FB0C3C4}.Debug|Any CPU.ActiveCfg = Debug|Any CPU
		{1CAAF11C-C32E-4798-8478-73CB2FB0C3C4}.Debug|Any CPU.Build.0 = Debug|Any CPU
		{1CAAF11C-C32E-4798-8478-73CB2FB0C3C4}.Release|Any CPU.ActiveCfg = Release|Any CPU
		{1CAAF11C-C32E-4798-8478-73CB2FB0C3C4}.Release|Any CPU.Build.0 = Release|Any CPU
		{E5E516B9-3C88-4774-870F-3173B8A432B3}.Debug|Any CPU.ActiveCfg = Debug|Any CPU
		{E5E516B9-3C88-4774-870F-3173B8A432B3}.Debug|Any CPU.Build.0 = Debug|Any CPU
		{E5E516B9-3C88-4774-870F-3173B8A432B3}.Release|Any CPU.ActiveCfg = Release|Any CPU
		{E5E516B9-3C88-4774-870F-3173B8A432B3}.Release|Any CPU.Build.0 = Release|Any CPU
		{992D67F9-4707-4E29-9046-D198F01FEC09}.Debug|Any CPU.ActiveCfg = Debug|Any CPU
		{992D67F9-4707-4E29-9046-D198F01FEC09}.Debug|Any CPU.Build.0 = Debug|Any CPU
		{992D67F9-4707-4E29-9046-D198F01FEC09}.Release|Any CPU.ActiveCfg = Release|Any CPU
		{992D67F9-4707-4E29-9046-D198F01FEC09}.Release|Any CPU.Build.0 = Release|Any CPU
	EndGlobalSection
	GlobalSection(SolutionProperties) = preSolution
		HideSolutionNode = FALSE
	EndGlobalSection
	GlobalSection(ExtensibilityGlobals) = postSolution
		SolutionGuid = {8ABAB959-171F-4028-9891-56F445C53284}
	EndGlobalSection
EndGlobal
